// !$*UTF8*$!
{
	archiveVersion = 1;
	classes = {
	};
	objectVersion = 54;
	objects = {

/* Begin PBXFileReference section */
		E8CF67F726F715B4009C37C8 /* World */ = {isa = PBXFileReference; lastKnownFileType = folder; path = World; sourceTree = "<group>"; };
/* End PBXFileReference section */

/* Begin PBXGroup section */
		E8CF67F026F7159A009C37C8 = {
			isa = PBXGroup;
			children = (
				E8CF67F726F715B4009C37C8 /* World */,
			);
			sourceTree = "<group>";
		};
/* End PBXGroup section */

/* Begin PBXProject section */
		E8CF67F126F7159A009C37C8 /* Project object */ = {
			isa = PBXProject;
			attributes = {
				BuildIndependentTargetsInParallel = 1;
				LastUpgradeCheck = 1300;
			};
			buildConfigurationList = E8CF67F426F7159A009C37C8 /* Build configuration list for PBXProject "World" */;
			compatibilityVersion = "Xcode 12.0";
			developmentRegion = en;
			hasScannedForEncodings = 0;
			knownRegions = (
				en,
				Base,
			);
			mainGroup = E8CF67F026F7159A009C37C8;
			projectDirPath = "";
			projectRoot = "";
			targets = (
			);
		};
/* End PBXProject section */

/* Begin XCBuildConfiguration section */
		E8CF67F526F7159A009C37C8 /* Debug */ = {
			isa = XCBuildConfiguration;
			buildSettings = {
			};
			name = Debug;
		};
		E8CF67F626F7159A009C37C8 /* Release */ = {
			isa = XCBuildConfiguration;
			buildSettings = {
			};
			name = Release;
		};
/* End XCBuildConfiguration section */

/* Begin XCConfigurationList section */
		E8CF67F426F7159A009C37C8 /* Build configuration list for PBXProject "World" */ = {
			isa = XCConfigurationList;
			buildConfigurations = (
				E8CF67F526F7159A009C37C8 /* Debug */,
				E8CF67F626F7159A009C37C8 /* Release */,
			);
			defaultConfigurationIsVisible = 0;
			defaultConfigurationName = Release;
		};
/* End XCConfigurationList section */
	};
	rootObject = E8CF67F126F7159A009C37C8 /* Project object */;
}
